
Microsoft Visual Studio Solution File, Format Version 12.00
# Visual Studio Version 17
VisualStudioVersion = 17.6.33815.320
MinimumVisualStudioVersion = 10.0.40219.1
Project("{FAE04EC0-301F-11D3-BF4B-00C04F79EFBC}") = "GerenciadorDeTarefa", "GerenciadorDeTarefa\GerenciadorDeTarefa.csproj", "{828B4175-CAF9-48C3-8614-E08950486F45}"
EndProject
Global
	GlobalSection(SolutionConfigurationPlatforms) = preSolution
		Debug|Any CPU = Debug|Any CPU
		Release|Any CPU = Release|Any CPU
	EndGlobalSection
	GlobalSection(ProjectConfigurationPlatforms) = postSolution
		{828B4175-CAF9-48C3-8614-E08950486F45}.Debug|Any CPU.ActiveCfg = Debug|Any CPU
		{828B4175-CAF9-48C3-8614-E08950486F45}.Debug|Any CPU.Build.0 = Debug|Any CPU
		{828B4175-CAF9-48C3-8614-E08950486F45}.Release|Any CPU.ActiveCfg = Release|Any CPU
		{828B4175-CAF9-48C3-8614-E08950486F45}.Release|Any CPU.Build.0 = Release|Any CPU
	EndGlobalSection
	GlobalSection(SolutionProperties) = preSolution
		HideSolutionNode = FALSE
	EndGlobalSection
	GlobalSection(ExtensibilityGlobals) = postSolution
		SolutionGuid = {15556BD1-61A3-431C-A913-1F0C81B43D2E}
	EndGlobalSection
EndGlobal
